{
  "version": 1,
  "dependencies": {
    "net10.0": {
      "AWSSDK.Core": {
        "type": "Transitive",
        "resolved": "4.0.100.9",
        "contentHash": "OPYy41jZjXwxxcYRotaq24HDrwUnVtBB/mvg1IwB9D1ICXAtHqMa1sp2hpmlVJCZwjlcrPcTCJIejInvV1vp5g=="
      },
      "AWSSDK.S3": {
        "type": "Transitive",
        "resolved": "4.0.101.7",
        "contentHash": "AwS/C0HYSQRpMnv/FBvz0K4bpL++ENEm2mnzGlT32RBBdGdjrzV1oDQk4R/MurTepQjtDgtG1vwG2CaD+t7JPA==",
        "dependencies": {
          "AWSSDK.Core": "[4.0.100.9, 5.0.0)"
        }
      },
      "MessagePack": {
        "type": "Transitive",
        "resolved": "2.5.302",
        "contentHash": "5DZsKli4dMEpm/glcMAheuO8/IesfaTskbfsuvgnQwWFKS5FN7Z6yNx+5F+UW94E+9N2qt8Zs63/XVzpLsElgA==",
        "dependencies": {
          "MessagePack.Annotations": "2.5.302",
          "Microsoft.NET.StringTools": "17.6.3"
        }
      },
      "MessagePack.Annotations": {
        "type": "Transitive",
        "resolved": "2.5.302",
        "contentHash": "PTHQHbMJzx1VtUUCpnvPavD7o5X9s2dAJ4uQHAP2kBCwJKICpPTZq0qxzbB4/6iJJiIxem8zlxyfldGAx1SjSQ=="
      },
      "Microsoft.AspNetCore.Authentication.JwtBearer": {
        "type": "Transitive",
        "resolved": "10.0.10",
        "contentHash": "VAcqS42zb9WJd9DjPdkVTS5YrQENmNzPNJuRu8VAW7x3TEWUipc4d4hHzVJdFB0h/KLdr4XcXZzRHcUOKVanMQ==",
        "dependencies": {
          "Microsoft.IdentityModel.Protocols.OpenIdConnect": "8.19.2"
        }
      },
      "Microsoft.AspNetCore.OpenApi": {
        "type": "Transitive",
        "resolved": "10.0.10",
        "contentHash": "d4Atx9IHq7JgX0F/h7Db+m9zAUzC+cKdI9k+OWnnyQIOUQtfvjIEuhvbjPigVMkAmPUgCbJ8Yp6M9ghUqHtJSQ==",
        "dependencies": {
          "Microsoft.OpenApi": "2.0.0"
        }
      },
      "Microsoft.AspNetCore.SignalR.StackExchangeRedis": {
        "type": "Transitive",
        "resolved": "10.0.10",
        "contentHash": "mC/dQrt0Etdc9B1hdNy7KDO/E43FfhzHgMajw6Lupryp8XL7B7/3aEN3Zqfagz7LKTbDZadfMvT+XG8flLkKJA==",
        "dependencies": {
          "MessagePack": "2.5.302",
          "StackExchange.Redis": "2.7.27"
        }
      },
      "Microsoft.Bcl.Cryptography": {
        "type": "Transitive",
        "resolved": "10.0.2",
        "contentHash": "LG9Yll3B5aNpxv0+D47g6LiOiKBIlodhcHdQwcYzo8VeexFLGqx5ymetmA2aBRyo9cCcWsQWrFsdbsr8LvmWDw=="
      },
      "Microsoft.EntityFrameworkCore": {
        "type": "Transitive",
        "resolved": "10.0.10",
        "contentHash": "a0V7zj/VbYP6dTdWpUgE/r2PuLKtUGe2aJ0lVKkn/wP9ZhaxUz2kQydVfvOjCv2SKxlrqdBfHhPD4Cvlf+4ffA==",
        "dependencies": {
          "Microsoft.EntityFrameworkCore.Abstractions": "10.0.10",
          "Microsoft.EntityFrameworkCore.Analyzers": "10.0.10"
        }
      },
      "Microsoft.EntityFrameworkCore.Abstractions": {
        "type": "Transitive",
        "resolved": "10.0.10",
        "contentHash": "bOzrFCl6uZCjaSh2bG1ToRQRdx+iXvxosCg9hFyG9OWeAzOFI4xev9OqKeWfKf/kAHyox2JnbcvLVf2ceA7sqA=="
      },
      "Microsoft.EntityFrameworkCore.Analyzers": {
        "type": "Transitive",
        "resolved": "10.0.10",
        "contentHash": "2gLDordUCGf3aNOOuqtTbP5mxhiP9nk6TnvGiE3RnqT891O+Zf/qKu1PIREubs1M16A0SImr4vULBfU5BTDs1Q=="
      },
      "Microsoft.EntityFrameworkCore.Relational": {
        "type": "Transitive",
        "resolved": "10.0.10",
        "contentHash": "wNonj40aZxia+GtuBiiD6ZqVh4h6y5Nje1bGdmzZ8/ui0QRsAN+S0SIrLHFCEGbG9cDbeaE40sh+Lr7o9rRs6g==",
        "dependencies": {
          "Microsoft.EntityFrameworkCore": "10.0.10"
        }
      },
      "Microsoft.Extensions.Diagnostics.HealthChecks.EntityFrameworkCore": {
        "type": "Transitive",
        "resolved": "10.0.10",
        "contentHash": "jgYLn+CG1/EgZ3lsAuRUvb0RFhr1q23/z4U85arQ8XgABVZAuJIVecLaShMxsB/AS0ufY+Z4OCv1facaiEyc5g==",
        "dependencies": {
          "Microsoft.EntityFrameworkCore.Relational": "10.0.10"
        }
      },
      "Microsoft.IdentityModel.Abstractions": {
        "type": "Transitive",
        "resolved": "8.19.2",
        "contentHash": "HJbo/lnSfNHUfphPRT910poQc4T2/9+8svFLvzuaYHGAOJ2Tu+oEDqpX0BVP3BJ4OuUM1kylEKyaiX2fCAK3Cw=="
      },
      "Microsoft.IdentityModel.JsonWebTokens": {
        "type": "Transitive",
        "resolved": "8.19.2",
        "contentHash": "ui3fuBT4fs8kdKfBthI4NzLYIBIneEVS8UrL1JVBzAn80UiKmngBBi0BEByE7n/9c+EElcfFlCMFFTqpkBSLNA==",
        "dependencies": {
          "Microsoft.IdentityModel.Tokens": "8.19.2"
        }
      },
      "Microsoft.IdentityModel.Logging": {
        "type": "Transitive",
        "resolved": "8.19.2",
        "contentHash": "r5YLDIxGOnkVJHrqXv/iD1FM1CgGrQOdriXuvuWvTPmKbnGANhEysq9XKmN6IHjf2a+9bAGEpnoRBsAQlvJU5w==",
        "dependencies": {
          "Microsoft.IdentityModel.Abstractions": "8.19.2"
        }
      },
      "Microsoft.IdentityModel.Protocols": {
        "type": "Transitive",
        "resolved": "8.19.2",
        "contentHash": "sGxSsSrZXNmca6D+jHH2rVRyo2nNRd/g4H9CFbPmLLq0xgoH1U0orLWE5minfijw7+zq49tBs7txenbfAErRoQ==",
        "dependencies": {
          "Microsoft.IdentityModel.Tokens": "8.19.2"
        }
      },
      "Microsoft.IdentityModel.Protocols.OpenIdConnect": {
        "type": "Transitive",
        "resolved": "8.19.2",
        "contentHash": "1XOcyY36cVymzE3qKdzKaUEZ4Pzt7ZpSa14JZoPPK1NLFUkQDs85TCqpV6XDo0YjFXj6nVK00AfOHppjghjhtw==",
        "dependencies": {
          "Microsoft.IdentityModel.Protocols": "8.19.2",
          "System.IdentityModel.Tokens.Jwt": "8.19.2"
        }
      },
      "Microsoft.IdentityModel.Tokens": {
        "type": "Transitive",
        "resolved": "8.19.2",
        "contentHash": "GtPC1S02uH1gOO4fQ+zRysIicKmEXaYFP8PIkdJYXqMyruYhopre4ozVHp0XiDSA0+GJvOZH9prxCPvgBMg4Ww==",
        "dependencies": {
          "Microsoft.Bcl.Cryptography": "10.0.2",
          "Microsoft.IdentityModel.Logging": "8.19.2"
        }
      },
      "Microsoft.NET.StringTools": {
        "type": "Transitive",
        "resolved": "17.6.3",
        "contentHash": "N0ZIanl1QCgvUumEL1laasU0a7sOE5ZwLZVTn0pAePnfhq8P7SvTjF8Axq+CnavuQkmdQpGNXQ1efZtu5kDFbA=="
      },
      "Microsoft.OpenApi": {
        "type": "Transitive",
        "resolved": "2.0.0",
        "contentHash": "GGYLfzV/G/ct80OZ45JxnWP7NvMX1BCugn/lX7TH5o0lcVaviavsLMTxmFV2AybXWjbi3h6FF1vgZiTK6PXndw=="
      },
      "Npgsql": {
        "type": "Transitive",
        "resolved": "10.0.3",
        "contentHash": "7nb5YzXuvWWJxB0J8DiyL3we+X4FOctZrt0fIBnucOIaIevFEEwGQVZKtiu9olXdlNAK1eNgqSral6r/jlhI4w=="
      },
      "Npgsql.EntityFrameworkCore.PostgreSQL": {
        "type": "Transitive",
        "resolved": "10.0.2",
        "contentHash": "PsNYgPOSW41Xx19gin7y4EdZAPteWr9Cb01XkdObxOsPzi+mgBupBEN7J7+erXFsROPOILM7MlIoO9QzL8+LGQ==",
        "dependencies": {
          "Microsoft.EntityFrameworkCore": "[10.0.4, 11.0.0)",
          "Microsoft.EntityFrameworkCore.Relational": "[10.0.4, 11.0.0)",
          "Npgsql": "10.0.3"
        }
      },
      "OpenTelemetry": {
        "type": "Transitive",
        "resolved": "1.16.0",
        "contentHash": "nE/Px3MUvQC8c0UG0DOP5OJE7vMtiMaPYi/6TkSS/o/O0s/oPq+8WaPYTVEPzb7lwu/QyLgknc+sFm2FjPXe2A==",
        "dependencies": {
          "OpenTelemetry.Api.ProviderBuilderExtensions": "1.16.0"
        }
      },
      "OpenTelemetry.Api": {
        "type": "Transitive",
        "resolved": "1.16.0",
        "contentHash": "WZP8Eb6vZTeNqeV+fjBitc7iefBoTHIhaWorqg/h/YiQBlcQJu0bICuTqKV0XRyjiE0eWs80yLlnUtHAFSkFWA=="
      },
      "OpenTelemetry.Api.ProviderBuilderExtensions": {
        "type": "Transitive",
        "resolved": "1.16.0",
        "contentHash": "hZwaHAkXvUNn9+cS+vEvYBgIrIQOQRz2cIRUODZ5gxHsDsLeNCueLgZFkybopjE0jUhLut6lm5eL3LTqbW0hMg==",
        "dependencies": {
          "OpenTelemetry.Api": "1.16.0"
        }
      },
      "OpenTelemetry.Exporter.OpenTelemetryProtocol": {
        "type": "Transitive",
        "resolved": "1.16.0",
        "contentHash": "gzYLY8sVDY5FYtVlCYSzBYX53xslRlvBLxwFYOdNIhc76SgKdFYUoDQXOeQI3WPBCrZp51QNcP6fZHh1+HtpIQ==",
        "dependencies": {
          "OpenTelemetry": "1.16.0"
        }
      },
      "OpenTelemetry.Exporter.Prometheus.AspNetCore": {
        "type": "Transitive",
        "resolved": "1.16.0-beta.1",
        "contentHash": "Vsmn9N5ID2Ic1VBaXS1PdXrQEL1Ws9RQKBP3SzgIxXITzLtyH+1W4BmyAg6ssmDRPCCOa723u8LFE5xqngsZGg==",
        "dependencies": {
          "OpenTelemetry": "[1.16.0, 2.0.0)"
        }
      },
      "OpenTelemetry.Extensions.Hosting": {
        "type": "Transitive",
        "resolved": "1.16.0",
        "contentHash": "/YfrO5MRaA156vhNanYGPX2JjOwKUrA0+Jf7ltT2eD3VkfHqXcEJY5Oxt/nWH8lqBOTc1nJpn2soBtD5Cml8Dg==",
        "dependencies": {
          "OpenTelemetry": "1.16.0"
        }
      },
      "OpenTelemetry.Instrumentation.AspNetCore": {
        "type": "Transitive",
        "resolved": "1.16.0",
        "contentHash": "vSC5EsmBVNcqXMh9BGkkq8zkoUjrg8ghBDb9zbKR8Bqjd05utjVgVft+fqsqQVsvlV5olGj1pBliHBngcIGSIg==",
        "dependencies": {
          "OpenTelemetry.Api.ProviderBuilderExtensions": "[1.16.0, 2.0.0)"
        }
      },
      "OpenTelemetry.Instrumentation.EntityFrameworkCore": {
        "type": "Transitive",
        "resolved": "1.15.1-beta.1",
        "contentHash": "NmtYLk3HJUUkV0g2VnFLs67/PGIVbI8JXtu0g4f9bk2ZaInp211/AL2+Qcbgkb9ih/uOi8loN6E1Aw2o0YIWag==",
        "dependencies": {
          "OpenTelemetry.Api.ProviderBuilderExtensions": "[1.15.3, 2.0.0)"
        }
      },
      "OpenTelemetry.Instrumentation.Http": {
        "type": "Transitive",
        "resolved": "1.16.0",
        "contentHash": "+Sz3lfvMXwWE8s/sMruHCDlO/+cArFVc6oBg1tCb70BKlL9FCC7uK4Ar2/VP9Hhwvs+UwaW1vGzE/uiByVHXiA==",
        "dependencies": {
          "OpenTelemetry.Api.ProviderBuilderExtensions": "[1.16.0, 2.0.0)"
        }
      },
      "Pipelines.Sockets.Unofficial": {
        "type": "Transitive",
        "resolved": "2.2.8",
        "contentHash": "zG2FApP5zxSx6OcdJQLbZDk2AVlN2BNQD6MorwIfV6gVj0RRxWPEp2LXAxqDGZqeNV1Zp0BNPcNaey/GXmTdvQ=="
      },
      "StackExchange.Redis": {
        "type": "Transitive",
        "resolved": "2.7.27",
        "contentHash": "Uqc2OQHglqj9/FfGQ6RkKFkZfHySfZlfmbCl+hc+u2I/IqunfelQ7QJi7ZhvAJxUtu80pildVX6NPLdDaUffOw==",
        "dependencies": {
          "Pipelines.Sockets.Unofficial": "2.2.8"
        }
      },
      "System.IdentityModel.Tokens.Jwt": {
        "type": "Transitive",
        "resolved": "8.19.2",
        "contentHash": "gqhDC/icByKEutygpr+OFgAmjwTVowyzFjWB8K0q1ww8uFj5a1BQNL+QvijUl9uhq4p8OdDwcAIrjVC+eC9FVA==",
        "dependencies": {
          "Microsoft.IdentityModel.JsonWebTokens": "8.19.2",
          "Microsoft.IdentityModel.Tokens": "8.19.2"
        }
      },
      "livecore.api": {
        "type": "Project",
        "dependencies": {
          "AWSSDK.S3": "[4.0.101.7, )",
          "Microsoft.AspNetCore.Authentication.JwtBearer": "[10.0.10, )",
          "Microsoft.AspNetCore.OpenApi": "[10.0.10, )",
          "Microsoft.AspNetCore.SignalR.StackExchangeRedis": "[10.0.10, )",
          "Microsoft.Extensions.Diagnostics.HealthChecks.EntityFrameworkCore": "[10.0.10, )",
          "Npgsql.EntityFrameworkCore.PostgreSQL": "[10.0.2, )",
          "OpenTelemetry.Exporter.OpenTelemetryProtocol": "[1.16.0, )",
          "OpenTelemetry.Exporter.Prometheus.AspNetCore": "[1.16.0-beta.1, )",
          "OpenTelemetry.Extensions.Hosting": "[1.16.0, )",
          "OpenTelemetry.Instrumentation.AspNetCore": "[1.16.0, )",
          "OpenTelemetry.Instrumentation.EntityFrameworkCore": "[1.15.1-beta.1, )",
          "OpenTelemetry.Instrumentation.Http": "[1.16.0, )"
        }
      }
    }
  }
}