<Solution>
  <Folder Name="/apps/" />
  <Folder Name="/apps/api/">
    <Project Path="apps/api/LiveCore.Api.csproj" />
  </Folder>
  <Folder Name="/apps/worker/">
    <Project Path="apps/worker/LiveCore.Worker.csproj" />
  </Folder>
  <Folder Name="/tests/">
    <Project Path="tests/LiveCore.SmokeTests/LiveCore.SmokeTests.csproj" />
  </Folder>
</Solution>
